# Auto-generated. Do not edit manually.
nb-constitution:
  composes:
  - upstream_name: speckit-constitution
    resolved_ref: 2262359d967601f864749e359d3e0129e45e94f4
    integrity: sha256-58d35eb026f56bb7364d91b8b0382d5dd1249ded6c1449a2b69546693afb85f7
  synced_at: '2026-07-22T23:16:03Z'
nb-specify:
  composes:
  - upstream_name: speckit-specify
    resolved_ref: 2262359d967601f864749e359d3e0129e45e94f4
    integrity: sha256-e93c20874340f8e53fd1016513835ab8deb9f9828475d65b9459010079038d71
  synced_at: '2026-07-22T23:16:03Z'
nb-clarify:
  composes:
  - upstream_name: speckit-clarify
    resolved_ref: 2262359d967601f864749e359d3e0129e45e94f4
    integrity: sha256-4409c32ef3d1d6875b313d9ed6926054be619c70d18dfd88df8602f74f645a20
  synced_at: '2026-07-22T23:16:03Z'
nb-plan:
  composes:
  - upstream_name: speckit-plan
    resolved_ref: 2262359d967601f864749e359d3e0129e45e94f4
    integrity: sha256-b960e229507cec3949f559bfcd22863b93b26c008b14b5db9279bceca178084b
  synced_at: '2026-07-22T23:16:03Z'
nb-tasks:
  composes:
  - upstream_name: speckit-tasks
    resolved_ref: 2262359d967601f864749e359d3e0129e45e94f4
    integrity: sha256-3fe0b9903a66ee18cfe6ff96cf7ee74a46ea0d2dabc3b37523f97336900ff5cf
  synced_at: '2026-07-22T23:16:03Z'
nb-implement:
  composes:
  - upstream_name: speckit-implement
    resolved_ref: 2262359d967601f864749e359d3e0129e45e94f4
    integrity: sha256-a68c4c6411a9a0baeeb0074ff0bfaf35819f01e6a0e04b0caef41453b4c0042c
  synced_at: '2026-07-22T23:16:03Z'
nb-analyze:
  composes:
  - upstream_name: speckit-analyze
    resolved_ref: 2262359d967601f864749e359d3e0129e45e94f4
    integrity: sha256-33641d1bdf7e8d1534a4e2a1a83458d580a43d6975f72cc7455b4c71b6fb1c5e
  synced_at: '2026-07-22T23:16:03Z'
nb-converge:
  composes:
  - upstream_name: speckit-converge
    resolved_ref: 96e5a207261645d3b125d2ef97bf5e1a81d34b4e
    integrity: sha256-a316b536e58c07455875d022432fb6849ff7b0185cfb678975a5460ee179bb79
  synced_at: '2026-07-22T23:16:03Z'
nb-checklist:
  composes:
  - upstream_name: speckit-checklist
    resolved_ref: 2262359d967601f864749e359d3e0129e45e94f4
    integrity: sha256-9da1606dafc49fa240dab35324fbe09af8f41303424ba948fa5f32c891788282
  synced_at: '2026-07-22T23:16:03Z'
nb-interview:
  composes:
  - upstream_name: interview-me
    resolved_ref: fefc4075ddfd8363d3b2aa8b26e6440f1ce204c0
    integrity: sha256-1d94741d10d2c826cd0c191aea3981ee94c8abb27ef2a166f6a372117d06448f
  - upstream_name: idea-refine
    resolved_ref: fefc4075ddfd8363d3b2aa8b26e6440f1ce204c0
    integrity: sha256-79e773058963adc7646b0115b4f8a4afc974c5ff95843e4ef1cafff3cb51899e
  synced_at: '2026-07-22T23:16:03Z'
nb-review-code:
  composes:
  - upstream_name: code-review-and-quality
    resolved_ref: fefc4075ddfd8363d3b2aa8b26e6440f1ce204c0
    integrity: sha256-bec431b759ff389e47b8d2c9d74e1981ff93cf5f3c36b4a3b6a71a75c250be2c
  - upstream_name: code-simplification
    resolved_ref: fefc4075ddfd8363d3b2aa8b26e6440f1ce204c0
    integrity: sha256-f0c5ed754057eb0c1e027e2587f59de816651feb5e837242296c43ea21cf621d
  - upstream_name: performance-optimization
    resolved_ref: fefc4075ddfd8363d3b2aa8b26e6440f1ce204c0
    integrity: sha256-c56f6059fed0b77c50c946e38275f04c8b297657f3742d5782ee564514ecc4dc
  synced_at: '2026-07-22T23:16:03Z'
nb-review-security:
  composes:
  - upstream_name: security-and-hardening
    resolved_ref: fefc4075ddfd8363d3b2aa8b26e6440f1ce204c0
    integrity: sha256-266c60e073bc81651ad070a1427a93af4d062dc44470580eae31806b38561833
  - upstream_name: static-analysis
    resolved_ref: cfe5d7b1619e47fb5b38b7e2561dad7e5f1e89af
    integrity: sha256-092472caba4d39701c3871418871b462098aa7d49c9c92ebdc8006b0d40fe548
  synced_at: '2026-07-22T23:16:03Z'
nb-review-arch:
  composes:
  - upstream_name: architecture-guard
    resolved_ref: v1.0.0
    integrity: sha256-missing
  - upstream_name: architect-preview
    resolved_ref: v1.0.0
    integrity: sha256-missing
  - upstream_name: spec-kit-arch
    resolved_ref: v1.0.0
    integrity: sha256-missing
  synced_at: '2026-07-22T23:16:03Z'
nb-test:
  composes:
  - upstream_name: browser-testing-with-devtools
    resolved_ref: fefc4075ddfd8363d3b2aa8b26e6440f1ce204c0
    integrity: sha256-4e3aacd6a380cd25bc6c2d67fdd1c926a9b22535b8a62109ecd33cefd909e3d9
  - upstream_name: webapp-testing
    resolved_ref: 1f630fdf9259cec4a14913127dfd7c3b69ef72eb
    integrity: sha256-51b7349e77ec63b7744a6f63647e7566a0b4d2e301121cc10e8c2113af6556a2
  synced_at: '2026-07-22T23:16:03Z'
nb-deploy:
  composes:
  - upstream_name: shipping-and-launch
    resolved_ref: fefc4075ddfd8363d3b2aa8b26e6440f1ce204c0
    integrity: sha256-efc70a45ad6435d93f2b3cef16c125ff6d75a2383e49f30056fcba04b27d6e4a
  - upstream_name: ci-cd-and-automation
    resolved_ref: fefc4075ddfd8363d3b2aa8b26e6440f1ce204c0
    integrity: sha256-a6ed8ed56456b01ff8314c44eefc69897d9905ae4e06bb2b7036286efb79b5f0
  - upstream_name: git-workflow-and-versioning
    resolved_ref: fefc4075ddfd8363d3b2aa8b26e6440f1ce204c0
    integrity: sha256-51677cf03845dd29d08ea4d3125665057b720aea3dccc572f25d8b172409ece6
  - upstream_name: observability-and-instrumentation
    resolved_ref: fefc4075ddfd8363d3b2aa8b26e6440f1ce204c0
    integrity: sha256-40c59a0c3ba28f5697600add521e38f81f880f986317628cdc0df9bdb8acf126
  - upstream_name: deprecation-and-migration
    resolved_ref: fefc4075ddfd8363d3b2aa8b26e6440f1ce204c0
    integrity: sha256-92d9846321fab624eded7ac55d19a7738cfd2321c2be2e35eb153dcacf7359de
  synced_at: '2026-07-22T23:16:03Z'
nb-mcp:
  composes:
  - upstream_name: mcp-builder
    resolved_ref: 1f630fdf9259cec4a14913127dfd7c3b69ef72eb
    integrity: sha256-0f4592dcb53cf2b5d6b7febee6b4152018b565551a1c29e3c612f57b218ab295
  synced_at: '2026-07-22T23:16:03Z'
nb-docs:
  composes:
  - upstream_name: documentation-and-adrs
    resolved_ref: fefc4075ddfd8363d3b2aa8b26e6440f1ce204c0
    integrity: sha256-b867bb80fb681257c7625ae59a0dfd849b1fc0f0a2f0338e7923f38030df9793
  synced_at: '2026-07-22T23:16:03Z'
nb-review-skill:
  composes:
  - upstream_name: nubo-review-skill
    resolved_ref: 96e5a207261645d3b125d2ef97bf5e1a81d34b4e
    integrity: sha256-c2db597ae5c309e33bfff411dd186f42df7fec025b5aa91b96357248f5f176bf
  synced_at: '2026-07-22T23:16:03Z'
nb-debug:
  composes:
  - upstream_name: debugging-and-error-recovery
    resolved_ref: fefc4075ddfd8363d3b2aa8b26e6440f1ce204c0
    integrity: sha256-927ad6917fa2891827351cfa3470cd715423faaa5c5f27fe74534d9324c35eea
  synced_at: '2026-07-22T23:16:03Z'
